
Microsoft Visual Studio Solution File, Format Version 12.00
# Visual Studio 15
VisualStudioVersion = 15.0.28307.168
MinimumVisualStudioVersion = 10.0.40219.1
Project("{FAE04EC0-301F-11D3-BF4B-00C04F79EFBC}") = "Module4_1", "Module4_1\Module4_1.csproj", "{08C3F3C1-7B8E-4351-8DC6-4563316911C6}"
EndProject
Project("{FAE04EC0-301F-11D3-BF4B-00C04F79EFBC}") = "Module4_2", "Module4_2\Module4_2.csproj", "{BF3A4A10-2C0E-45BF-B61B-03A4B08F7FFB}"
EndProject
Project("{FAE04EC0-301F-11D3-BF4B-00C04F79EFBC}") = "Module4_3", "Module4_3\Module4_3.csproj", "{9F3A74CC-C6E4-4C50-BED6-CCC91F59F33A}"
EndProject
Project("{FAE04EC0-301F-11D3-BF4B-00C04F79EFBC}") = "Module4_4", "Module4_4\Module4_4.csproj", "{366176BB-D4EF-4BD0-85FC-04EC0530376E}"
EndProject
Project("{FAE04EC0-301F-11D3-BF4B-00C04F79EFBC}") = "Module4_5", "Module4_5\Module4_5.csproj", "{3BC29C49-CD74-442B-9C14-33F6E2940D28}"
EndProject
Project("{FAE04EC0-301F-11D3-BF4B-00C04F79EFBC}") = "Module4_6", "Module4_6\Module4_6.csproj", "{4EF66EBA-4BE7-4DF8-AB2E-3B7780E4BEEE}"
EndProject
Project("{FAE04EC0-301F-11D3-BF4B-00C04F79EFBC}") = "Module4_7", "Module4_7\Module4_7.csproj", "{DF0B6338-A3D5-4BD2-9B0D-003358601DB0}"
EndProject
Project("{FAE04EC0-301F-11D3-BF4B-00C04F79EFBC}") = "Module4_8", "MOdule4_8\Module4_8.csproj", "{B776E702-53B8-4813-9405-FB8D9CA6AB39}"
EndProject
Global
	GlobalSection(SolutionConfigurationPlatforms) = preSolution
		Debug|Any CPU = Debug|Any CPU
		Release|Any CPU = Release|Any CPU
	EndGlobalSection
	GlobalSection(ProjectConfigurationPlatforms) = postSolution
		{08C3F3C1-7B8E-4351-8DC6-4563316911C6}.Debug|Any CPU.ActiveCfg = Debug|Any CPU
		{08C3F3C1-7B8E-4351-8DC6-4563316911C6}.Debug|Any CPU.Build.0 = Debug|Any CPU
		{08C3F3C1-7B8E-4351-8DC6-4563316911C6}.Release|Any CPU.ActiveCfg = Release|Any CPU
		{08C3F3C1-7B8E-4351-8DC6-4563316911C6}.Release|Any CPU.Build.0 = Release|Any CPU
		{BF3A4A10-2C0E-45BF-B61B-03A4B08F7FFB}.Debug|Any CPU.ActiveCfg = Debug|Any CPU
		{BF3A4A10-2C0E-45BF-B61B-03A4B08F7FFB}.Debug|Any CPU.Build.0 = Debug|Any CPU
		{BF3A4A10-2C0E-45BF-B61B-03A4B08F7FFB}.Release|Any CPU.ActiveCfg = Release|Any CPU
		{BF3A4A10-2C0E-45BF-B61B-03A4B08F7FFB}.Release|Any CPU.Build.0 = Release|Any CPU
		{9F3A74CC-C6E4-4C50-BED6-CCC91F59F33A}.Debug|Any CPU.ActiveCfg = Debug|Any CPU
		{9F3A74CC-C6E4-4C50-BED6-CCC91F59F33A}.Debug|Any CPU.Build.0 = Debug|Any CPU
		{9F3A74CC-C6E4-4C50-BED6-CCC91F59F33A}.Release|Any CPU.ActiveCfg = Release|Any CPU
		{9F3A74CC-C6E4-4C50-BED6-CCC91F59F33A}.Release|Any CPU.Build.0 = Release|Any CPU
		{366176BB-D4EF-4BD0-85FC-04EC0530376E}.Debug|Any CPU.ActiveCfg = Debug|Any CPU
		{366176BB-D4EF-4BD0-85FC-04EC0530376E}.Debug|Any CPU.Build.0 = Debug|Any CPU
		{366176BB-D4EF-4BD0-85FC-04EC0530376E}.Release|Any CPU.ActiveCfg = Release|Any CPU
		{366176BB-D4EF-4BD0-85FC-04EC0530376E}.Release|Any CPU.Build.0 = Release|Any CPU
		{3BC29C49-CD74-442B-9C14-33F6E2940D28}.Debug|Any CPU.ActiveCfg = Debug|Any CPU
		{3BC29C49-CD74-442B-9C14-33F6E2940D28}.Debug|Any CPU.Build.0 = Debug|Any CPU
		{3BC29C49-CD74-442B-9C14-33F6E2940D28}.Release|Any CPU.ActiveCfg = Release|Any CPU
		{3BC29C49-CD74-442B-9C14-33F6E2940D28}.Release|Any CPU.Build.0 = Release|Any CPU
		{4EF66EBA-4BE7-4DF8-AB2E-3B7780E4BEEE}.Debug|Any CPU.ActiveCfg = Debug|Any CPU
		{4EF66EBA-4BE7-4DF8-AB2E-3B7780E4BEEE}.Debug|Any CPU.Build.0 = Debug|Any CPU
		{4EF66EBA-4BE7-4DF8-AB2E-3B7780E4BEEE}.Release|Any CPU.ActiveCfg = Release|Any CPU
		{4EF66EBA-4BE7-4DF8-AB2E-3B7780E4BEEE}.Release|Any CPU.Build.0 = Release|Any CPU
		{DF0B6338-A3D5-4BD2-9B0D-003358601DB0}.Debug|Any CPU.ActiveCfg = Debug|Any CPU
		{DF0B6338-A3D5-4BD2-9B0D-003358601DB0}.Debug|Any CPU.Build.0 = Debug|Any CPU
		{DF0B6338-A3D5-4BD2-9B0D-003358601DB0}.Release|Any CPU.ActiveCfg = Release|Any CPU
		{DF0B6338-A3D5-4BD2-9B0D-003358601DB0}.Release|Any CPU.Build.0 = Release|Any CPU
		{B776E702-53B8-4813-9405-FB8D9CA6AB39}.Debug|Any CPU.ActiveCfg = Debug|Any CPU
		{B776E702-53B8-4813-9405-FB8D9CA6AB39}.Debug|Any CPU.Build.0 = Debug|Any CPU
		{B776E702-53B8-4813-9405-FB8D9CA6AB39}.Release|Any CPU.ActiveCfg = Release|Any CPU
		{B776E702-53B8-4813-9405-FB8D9CA6AB39}.Release|Any CPU.Build.0 = Release|Any CPU
	EndGlobalSection
	GlobalSection(SolutionProperties) = preSolution
		HideSolutionNode = FALSE
	EndGlobalSection
	GlobalSection(ExtensibilityGlobals) = postSolution
		SolutionGuid = {3FC380A9-971E-4186-81B1-34280741560B}
	EndGlobalSection
EndGlobal
