
Microsoft Visual Studio Solution File, Format Version 12.00
# Visual Studio 15
VisualStudioVersion = 15.0.28307.168
MinimumVisualStudioVersion = 10.0.40219.1
Project("{FAE04EC0-301F-11D3-BF4B-00C04F79EFBC}") = "TestProject", "TestProject\TestProject.csproj", "{F4F865AA-7D2A-4B8E-B62B-72DF2A6771C8}"
EndProject
Global
	GlobalSection(SolutionConfigurationPlatforms) = preSolution
		Debug|Any CPU = Debug|Any CPU
		Release|Any CPU = Release|Any CPU
	EndGlobalSection
	GlobalSection(ProjectConfigurationPlatforms) = postSolution
		{F4F865AA-7D2A-4B8E-B62B-72DF2A6771C8}.Debug|Any CPU.ActiveCfg = Debug|Any CPU
		{F4F865AA-7D2A-4B8E-B62B-72DF2A6771C8}.Debug|Any CPU.Build.0 = Debug|Any CPU
		{F4F865AA-7D2A-4B8E-B62B-72DF2A6771C8}.Release|Any CPU.ActiveCfg = Release|Any CPU
		{F4F865AA-7D2A-4B8E-B62B-72DF2A6771C8}.Release|Any CPU.Build.0 = Release|Any CPU
	EndGlobalSection
	GlobalSection(SolutionProperties) = preSolution
		HideSolutionNode = FALSE
	EndGlobalSection
	GlobalSection(ExtensibilityGlobals) = postSolution
		SolutionGuid = {AB3C3D95-DE46-4BA3-96A8-4417DD189E6D}
	EndGlobalSection
EndGlobal
